
Microsoft Visual Studio Solution File, Format Version 12.00
# Visual Studio Version 17
VisualStudioVersion = 17.9.34701.34
MinimumVisualStudioVersion = 10.0.40219.1
Project("{FAE04EC0-301F-11D3-BF4B-00C04F79EFBC}") = "aprel19", "aprel19\aprel19.csproj", "{E3A66B41-D4E0-4BF5-B52E-BAF94D1100CE}"
EndProject
Global
	GlobalSection(SolutionConfigurationPlatforms) = preSolution
		Debug|Any CPU = Debug|Any CPU
		Release|Any CPU = Release|Any CPU
	EndGlobalSection
	GlobalSection(ProjectConfigurationPlatforms) = postSolution
		{E3A66B41-D4E0-4BF5-B52E-BAF94D1100CE}.Debug|Any CPU.ActiveCfg = Debug|Any CPU
		{E3A66B41-D4E0-4BF5-B52E-BAF94D1100CE}.Debug|Any CPU.Build.0 = Debug|Any CPU
		{E3A66B41-D4E0-4BF5-B52E-BAF94D1100CE}.Release|Any CPU.ActiveCfg = Release|Any CPU
		{E3A66B41-D4E0-4BF5-B52E-BAF94D1100CE}.Release|Any CPU.Build.0 = Release|Any CPU
	EndGlobalSection
	GlobalSection(SolutionProperties) = preSolution
		HideSolutionNode = FALSE
	EndGlobalSection
	GlobalSection(ExtensibilityGlobals) = postSolution
		SolutionGuid = {FDD71FF3-ECB6-4E4C-A0D4-7FCB9D3A0905}
	EndGlobalSection
EndGlobal
